<?xml version="1.0" encoding="utf-8"?>
<Project ToolsVersion="4.0" xmlns="http://schemas.microsoft.com/developer/msbuild/2003">
  <ItemGroup>
    <Filter Include="00. MainApp">
      <UniqueIdentifier>{43a73769-94c0-427e-9bbc-4f633cfef463}</UniqueIdentifier>
    </Filter>
    <Filter Include="02. IntroDlg">
      <UniqueIdentifier>{63d9acb1-bea6-462d-ae94-13187f6c4989}</UniqueIdentifier>
    </Filter>
    <Filter Include="99. Default">
      <UniqueIdentifier>{9cae72c7-0ef2-4170-83a1-4ea057d682a8}</UniqueIdentifier>
    </Filter>
    <Filter Include="98. Headers">
      <UniqueIdentifier>{bfb025f9-33c2-4633-b454-9f704248ae87}</UniqueIdentifier>
    </Filter>
    <Filter Include="99. Default\리소스 파일">
      <UniqueIdentifier>{67DA6AB6-F800-4c08-8B7A-83BB121AAD01}</UniqueIdentifier>
      <Extensions>rc;ico;cur;bmp;dlg;rc2;rct;bin;rgs;gif;jpg;jpeg;jpe;resx;tiff;tif;png;wav;mfcribbon-ms</Extensions>
    </Filter>
    <Filter Include="01. GameDlg">
      <UniqueIdentifier>{7dbd8ce1-d6c1-46cf-9266-b3b5d50caf1d}</UniqueIdentifier>
    </Filter>
    <Filter Include="04. ImageManager">
      <UniqueIdentifier>{41cdfc97-b81d-4c9a-a620-73504e578239}</UniqueIdentifier>
    </Filter>
    <Filter Include="05. Socket">
      <UniqueIdentifier>{0a70096d-6f7a-4cfd-a8a1-eb95e6e85179}</UniqueIdentifier>
    </Filter>
    <Filter Include="03. ConnectDlg">
      <UniqueIdentifier>{4fa28d76-1208-415d-81f5-c8dae9e5aafd}</UniqueIdentifier>
    </Filter>
    <Filter Include="06. PictureEX">
      <UniqueIdentifier>{a2a43cab-f1c5-41c1-93eb-37625104ca4c}</UniqueIdentifier>
    </Filter>
    <Filter Include="07. Timer">
      <UniqueIdentifier>{d2645206-ef38-4001-9d98-10b682508644}</UniqueIdentifier>
    </Filter>
    <Filter Include="08. RuleDlg">
      <UniqueIdentifier>{040fc15f-5e20-4c8f-8ebf-99437c61784e}</UniqueIdentifier>
    </Filter>
    <Filter Include="09. SoundManager">
      <UniqueIdentifier>{1a26b677-b63c-4be4-b749-4785c100e632}</UniqueIdentifier>
    </Filter>
  </ItemGroup>
  <ItemGroup>
    <ClInclude Include="HalliGalliClient.h">
      <Filter>00. MainApp</Filter>
    </ClInclude>
    <ClInclude Include="IntroDlg.h">
      <Filter>02. IntroDlg</Filter>
    </ClInclude>
    <ClInclude Include="stdafx.h">
      <Filter>98. Headers</Filter>
    </ClInclude>
    <ClInclude Include="Resource.h">
      <Filter>99. Default</Filter>
    </ClInclude>
    <ClInclude Include="targetver.h">
      <Filter>99. Default</Filter>
    </ClInclude>
    <ClInclude Include="GameDlg.h">
      <Filter>01. GameDlg</Filter>
    </ClInclude>
    <ClInclude Include="Macro.h">
      <Filter>98. Headers</Filter>
    </ClInclude>
    <ClInclude Include="Struct.h">
      <Filter>98. Headers</Filter>
    </ClInclude>
    <ClInclude Include="ImageMgr.h">
      <Filter>04. ImageManager</Filter>
    </ClInclude>
    <ClInclude Include="SocCom.h">
      <Filter>05. Socket</Filter>
    </ClInclude>
    <ClInclude Include="ConnectDlg.h">
      <Filter>03. ConnectDlg</Filter>
    </ClInclude>
    <ClInclude Include="PictureEx.h">
      <Filter>06. PictureEX</Filter>
    </ClInclude>
    <ClInclude Include="Frame.h">
      <Filter>07. Timer</Filter>
    </ClInclude>
    <ClInclude Include="Timer.h">
      <Filter>07. Timer</Filter>
    </ClInclude>
    <ClInclude Include="Rule.h">
      <Filter>08. RuleDlg</Filter>
    </ClInclude>
    <ClInclude Include="SoundMgr.h">
      <Filter>09. SoundManager</Filter>
    </ClInclude>
  </ItemGroup>
  <ItemGroup>
    <ClCompile Include="HalliGalliClient.cpp">
      <Filter>00. MainApp</Filter>
    </ClCompile>
    <ClCompile Include="IntroDlg.cpp">
      <Filter>02. IntroDlg</Filter>
    </ClCompile>
    <ClCompile Include="stdafx.cpp">
      <Filter>99. Default</Filter>
    </ClCompile>
    <ClCompile Include="GameDlg.cpp">
      <Filter>01. GameDlg</Filter>
    </ClCompile>
    <ClCompile Include="ImageMgr.cpp">
      <Filter>04. ImageManager</Filter>
    </ClCompile>
    <ClCompile Include="SocCom.cpp">
      <Filter>05. Socket</Filter>
    </ClCompile>
    <ClCompile Include="ConnectDlg.cpp">
      <Filter>03. ConnectDlg</Filter>
    </ClCompile>
    <ClCompile Include="PictureEx.cpp">
      <Filter>06. PictureEX</Filter>
    </ClCompile>
    <ClCompile Include="Frame.cpp">
      <Filter>07. Timer</Filter>
    </ClCompile>
    <ClCompile Include="Timer.cpp">
      <Filter>07. Timer</Filter>
    </ClCompile>
    <ClCompile Include="Rule.cpp">
      <Filter>08. RuleDlg</Filter>
    </ClCompile>
    <ClCompile Include="SoundMgr.cpp">
      <Filter>09. SoundManager</Filter>
    </ClCompile>
  </ItemGroup>
  <ItemGroup>
    <ResourceCompile Include="HalliGalliClient.rc">
      <Filter>99. Default\리소스 파일</Filter>
    </ResourceCompile>
  </ItemGroup>
  <ItemGroup>
    <None Include="res\HalliGalliClient.rc2">
      <Filter>99. Default\리소스 파일</Filter>
    </None>
  </ItemGroup>
  <ItemGroup>
    <Image Include="res\HalliGalliClient.ico">
      <Filter>99. Default\리소스 파일</Filter>
    </Image>
    <Image Include="res\bitmap1.bmp">
      <Filter>99. Default\리소스 파일</Filter>
    </Image>
    <Image Include="..\..\..\..\Desktop\rulerule.bmp">
      <Filter>99. Default\리소스 파일</Filter>
    </Image>
  </ItemGroup>
  <ItemGroup>
    <Text Include="ReadMe.txt">
      <Filter>99. Default</Filter>
    </Text>
  </ItemGroup>
</Project>