<?xml version="1.0" encoding="utf-8"?>
<Project ToolsVersion="4.0" xmlns="http://schemas.microsoft.com/developer/msbuild/2003">
  <ItemGroup>
    <Filter Include="00. MainApp">
      <UniqueIdentifier>{5cd219c6-980b-45c4-90ed-ad80ab474d89}</UniqueIdentifier>
    </Filter>
    <Filter Include="01. MainDlg">
      <UniqueIdentifier>{6fe0ee41-960e-441e-9250-ed832358d0f4}</UniqueIdentifier>
    </Filter>
    <Filter Include="98. Headers">
      <UniqueIdentifier>{859a7479-1906-475a-9e22-d05472dac972}</UniqueIdentifier>
    </Filter>
    <Filter Include="99. Default">
      <UniqueIdentifier>{95d64441-8493-4347-a0e4-791ec2043263}</UniqueIdentifier>
    </Filter>
    <Filter Include="99. Default\리소스 파일">
      <UniqueIdentifier>{67DA6AB6-F800-4c08-8B7A-83BB121AAD01}</UniqueIdentifier>
      <Extensions>rc;ico;cur;bmp;dlg;rc2;rct;bin;rgs;gif;jpg;jpeg;jpe;resx;tiff;tif;png;wav;mfcribbon-ms</Extensions>
    </Filter>
    <Filter Include="02. ImageManager">
      <UniqueIdentifier>{3245c10b-7507-42e6-85e4-951c8ed57c5d}</UniqueIdentifier>
    </Filter>
    <Filter Include="03. Socket">
      <UniqueIdentifier>{3f1b5633-077d-49f4-b436-ca3bae304f79}</UniqueIdentifier>
    </Filter>
    <Filter Include="03. Socket\00. SocServer">
      <UniqueIdentifier>{562a526f-207b-42c2-afad-f91179fcecb3}</UniqueIdentifier>
    </Filter>
    <Filter Include="03. Socket\01. SocCom">
      <UniqueIdentifier>{14bd762b-8d25-4bbd-8e62-3fd59bf89d0f}</UniqueIdentifier>
    </Filter>
  </ItemGroup>
  <ItemGroup>
    <ClInclude Include="HalliGalliServer.h">
      <Filter>00. MainApp</Filter>
    </ClInclude>
    <ClInclude Include="HalliGalliServerDlg.h">
      <Filter>01. MainDlg</Filter>
    </ClInclude>
    <ClInclude Include="stdafx.h">
      <Filter>98. Headers</Filter>
    </ClInclude>
    <ClInclude Include="Resource.h">
      <Filter>99. Default</Filter>
    </ClInclude>
    <ClInclude Include="targetver.h">
      <Filter>99. Default</Filter>
    </ClInclude>
    <ClInclude Include="Struct.h">
      <Filter>98. Headers</Filter>
    </ClInclude>
    <ClInclude Include="Macro.h">
      <Filter>98. Headers</Filter>
    </ClInclude>
    <ClInclude Include="ImageMgr.h">
      <Filter>02. ImageManager</Filter>
    </ClInclude>
    <ClInclude Include="SocCom.h">
      <Filter>03. Socket\01. SocCom</Filter>
    </ClInclude>
    <ClInclude Include="SocSvr.h">
      <Filter>03. Socket\00. SocServer</Filter>
    </ClInclude>
  </ItemGroup>
  <ItemGroup>
    <ClCompile Include="HalliGalliServer.cpp">
      <Filter>00. MainApp</Filter>
    </ClCompile>
    <ClCompile Include="HalliGalliServerDlg.cpp">
      <Filter>01. MainDlg</Filter>
    </ClCompile>
    <ClCompile Include="stdafx.cpp">
      <Filter>99. Default</Filter>
    </ClCompile>
    <ClCompile Include="ImageMgr.cpp">
      <Filter>02. ImageManager</Filter>
    </ClCompile>
    <ClCompile Include="SocCom.cpp">
      <Filter>03. Socket\01. SocCom</Filter>
    </ClCompile>
    <ClCompile Include="SocSvr.cpp">
      <Filter>03. Socket\00. SocServer</Filter>
    </ClCompile>
  </ItemGroup>
  <ItemGroup>
    <ResourceCompile Include="HalliGalliServer.rc">
      <Filter>99. Default\리소스 파일</Filter>
    </ResourceCompile>
  </ItemGroup>
  <ItemGroup>
    <None Include="res\HalliGalliServer.rc2">
      <Filter>99. Default\리소스 파일</Filter>
    </None>
  </ItemGroup>
  <ItemGroup>
    <Image Include="res\HalliGalliServer.ico">
      <Filter>99. Default\리소스 파일</Filter>
    </Image>
  </ItemGroup>
  <ItemGroup>
    <Text Include="ReadMe.txt">
      <Filter>99. Default</Filter>
    </Text>
  </ItemGroup>
</Project>